// !$*UTF8*$!
{
	archiveVersion = 1;
	classes = {
	};
	objectVersion = 56;
	objects = {

/* Begin PBXBuildFile section */
		B6E151A229587FDF00AFA69D /* ZacharyAppApp.swift in Sources */ = {isa = PBXBuildFile; fileRef = B6E151A129587FDF00AFA69D /* ZacharyAppApp.swift */; };
		B6E151A629587FE000AFA69D /* Assets.xcassets in Resources */ = {isa = PBXBuildFile; fileRef = B6E151A529587FE000AFA69D /* Assets.xcassets */; };
		B6E151A929587FE000AFA69D /* Preview Assets.xcassets in Resources */ = {isa = PBXBuildFile; fileRef = B6E151A829587FE000AFA69D /* Preview Assets.xcassets */; };
		B6E151B12958854300AFA69D /* Color.swift in Sources */ = {isa = PBXBuildFile; fileRef = B6E151B02958854300AFA69D /* Color.swift */; };
		B6E151B7295886FD00AFA69D /* CryptoHomeView.swift in Sources */ = {isa = PBXBuildFile; fileRef = B6E151B6295886FD00AFA69D /* CryptoHomeView.swift */; };
		B6E151BB29588A7500AFA69D /* CircleButtonView.swift in Sources */ = {isa = PBXBuildFile; fileRef = B6E151BA29588A7500AFA69D /* CircleButtonView.swift */; };
		B6E151BD29588DA600AFA69D /* CircleButtonAnimationView.swift in Sources */ = {isa = PBXBuildFile; fileRef = B6E151BC29588DA600AFA69D /* CircleButtonAnimationView.swift */; };
		B6E151C9296029A500AFA69D /* CoinModel.swift in Sources */ = {isa = PBXBuildFile; fileRef = B6E151C8296029A500AFA69D /* CoinModel.swift */; };
		B6E151CB296029BD00AFA69D /* BusTimingModel.swift in Sources */ = {isa = PBXBuildFile; fileRef = B6E151CA296029BD00AFA69D /* BusTimingModel.swift */; };
		B6E151CD2960306300AFA69D /* CoinRowView.swift in Sources */ = {isa = PBXBuildFile; fileRef = B6E151CC2960306300AFA69D /* CoinRowView.swift */; };
		B6E151CF2960307900AFA69D /* BusHomeView.swift in Sources */ = {isa = PBXBuildFile; fileRef = B6E151CE2960307900AFA69D /* BusHomeView.swift */; };
		B6E151D12960308C00AFA69D /* BusRowView.swift in Sources */ = {isa = PBXBuildFile; fileRef = B6E151D02960308C00AFA69D /* BusRowView.swift */; };
		B6E151D3296031D000AFA69D /* PreviewProvider.swift in Sources */ = {isa = PBXBuildFile; fileRef = B6E151D2296031D000AFA69D /* PreviewProvider.swift */; };
		B6E151D52960976A00AFA69D /* Double.swift in Sources */ = {isa = PBXBuildFile; fileRef = B6E151D42960976A00AFA69D /* Double.swift */; };
		B6E151D729609CB600AFA69D /* CryptoHomeViewModel.swift in Sources */ = {isa = PBXBuildFile; fileRef = B6E151D629609CB600AFA69D /* CryptoHomeViewModel.swift */; };
		B6E151DA2960A0DB00AFA69D /* CoinDataService.swift in Sources */ = {isa = PBXBuildFile; fileRef = B6E151D92960A0DB00AFA69D /* CoinDataService.swift */; };
		B6E151DC2960A10400AFA69D /* BusDataService.swift in Sources */ = {isa = PBXBuildFile; fileRef = B6E151DB2960A10400AFA69D /* BusDataService.swift */; };
		B6E151DF29614D6D00AFA69D /* NetworkingManager.swift in Sources */ = {isa = PBXBuildFile; fileRef = B6E151DE29614D6D00AFA69D /* NetworkingManager.swift */; };
/* End PBXBuildFile section */

/* Begin PBXFileReference section */
		B6E1519E29587FDF00AFA69D /* ZacharyApp.app */ = {isa = PBXFileReference; explicitFileType = wrapper.application; includeInIndex = 0; path = ZacharyApp.app; sourceTree = BUILT_PRODUCTS_DIR; };
		B6E151A129587FDF00AFA69D /* ZacharyAppApp.swift */ = {isa = PBXFileReference; lastKnownFileType = sourcecode.swift; path = ZacharyAppApp.swift; sourceTree = "<group>"; };
		B6E151A529587FE000AFA69D /* Assets.xcassets */ = {isa = PBXFileReference; lastKnownFileType = folder.assetcatalog; path = Assets.xcassets; sourceTree = "<group>"; };
		B6E151A829587FE000AFA69D /* Preview Assets.xcassets */ = {isa = PBXFileReference; lastKnownFileType = folder.assetcatalog; path = "Preview Assets.xcassets"; sourceTree = "<group>"; };
		B6E151B02958854300AFA69D /* Color.swift */ = {isa = PBXFileReference; lastKnownFileType = sourcecode.swift; path = Color.swift; sourceTree = "<group>"; };
		B6E151B6295886FD00AFA69D /* CryptoHomeView.swift */ = {isa = PBXFileReference; lastKnownFileType = sourcecode.swift; path = CryptoHomeView.swift; sourceTree = "<group>"; };
		B6E151BA29588A7500AFA69D /* CircleButtonView.swift */ = {isa = PBXFileReference; lastKnownFileType = sourcecode.swift; path = CircleButtonView.swift; sourceTree = "<group>"; };
		B6E151BC29588DA600AFA69D /* CircleButtonAnimationView.swift */ = {isa = PBXFileReference; lastKnownFileType = sourcecode.swift; path = CircleButtonAnimationView.swift; sourceTree = "<group>"; };
		B6E151C8296029A500AFA69D /* CoinModel.swift */ = {isa = PBXFileReference; lastKnownFileType = sourcecode.swift; path = CoinModel.swift; sourceTree = "<group>"; };
		B6E151CA296029BD00AFA69D /* BusTimingModel.swift */ = {isa = PBXFileReference; lastKnownFileType = sourcecode.swift; path = BusTimingModel.swift; sourceTree = "<group>"; };
		B6E151CC2960306300AFA69D /* CoinRowView.swift */ = {isa = PBXFileReference; lastKnownFileType = sourcecode.swift; path = CoinRowView.swift; sourceTree = "<group>"; };
		B6E151CE2960307900AFA69D /* BusHomeView.swift */ = {isa = PBXFileReference; lastKnownFileType = sourcecode.swift; path = BusHomeView.swift; sourceTree = "<group>"; };
		B6E151D02960308C00AFA69D /* BusRowView.swift */ = {isa = PBXFileReference; lastKnownFileType = sourcecode.swift; path = BusRowView.swift; sourceTree = "<group>"; };
		B6E151D2296031D000AFA69D /* PreviewProvider.swift */ = {isa = PBXFileReference; lastKnownFileType = sourcecode.swift; path = PreviewProvider.swift; sourceTree = "<group>"; };
		B6E151D42960976A00AFA69D /* Double.swift */ = {isa = PBXFileReference; lastKnownFileType = sourcecode.swift; path = Double.swift; sourceTree = "<group>"; };
		B6E151D629609CB600AFA69D /* CryptoHomeViewModel.swift */ = {isa = PBXFileReference; lastKnownFileType = sourcecode.swift; path = CryptoHomeViewModel.swift; sourceTree = "<group>"; };
		B6E151D92960A0DB00AFA69D /* CoinDataService.swift */ = {isa = PBXFileReference; lastKnownFileType = sourcecode.swift; path = CoinDataService.swift; sourceTree = "<group>"; };
		B6E151DB2960A10400AFA69D /* BusDataService.swift */ = {isa = PBXFileReference; lastKnownFileType = sourcecode.swift; path = BusDataService.swift; sourceTree = "<group>"; };
		B6E151DE29614D6D00AFA69D /* NetworkingManager.swift */ = {isa = PBXFileReference; lastKnownFileType = sourcecode.swift; path = NetworkingManager.swift; sourceTree = "<group>"; };
/* End PBXFileReference section */

/* Begin PBXFrameworksBuildPhase section */
		B6E1519B29587FDF00AFA69D /* Frameworks */ = {
			isa = PBXFrameworksBuildPhase;
			buildActionMask = 2147483647;
			files = (
			);
			runOnlyForDeploymentPostprocessing = 0;
		};
/* End PBXFrameworksBuildPhase section */

/* Begin PBXGroup section */
		B6E1519529587FDF00AFA69D = {
			isa = PBXGroup;
			children = (
				B6E151A029587FDF00AFA69D /* ZacharyApp */,
				B6E1519F29587FDF00AFA69D /* Products */,
			);
			sourceTree = "<group>";
		};
		B6E1519F29587FDF00AFA69D /* Products */ = {
			isa = PBXGroup;
			children = (
				B6E1519E29587FDF00AFA69D /* ZacharyApp.app */,
			);
			name = Products;
			sourceTree = "<group>";
		};
		B6E151A029587FDF00AFA69D /* ZacharyApp */ = {
			isa = PBXGroup;
			children = (
				B6E151A129587FDF00AFA69D /* ZacharyAppApp.swift */,
				B6E151DD29614D4600AFA69D /* Utilities */,
				B6E151AF2958853600AFA69D /* Extensions */,
				B6E151D82960A08E00AFA69D /* Services */,
				B6E151C72960297800AFA69D /* Models */,
				B6E151B22958867500AFA69D /* Core */,
				B6E151A529587FE000AFA69D /* Assets.xcassets */,
				B6E151A729587FE000AFA69D /* Preview Content */,
			);
			path = ZacharyApp;
			sourceTree = "<group>";
		};
		B6E151A729587FE000AFA69D /* Preview Content */ = {
			isa = PBXGroup;
			children = (
				B6E151A829587FE000AFA69D /* Preview Assets.xcassets */,
			);
			path = "Preview Content";
			sourceTree = "<group>";
		};
		B6E151AF2958853600AFA69D /* Extensions */ = {
			isa = PBXGroup;
			children = (
				B6E151B02958854300AFA69D /* Color.swift */,
				B6E151D2296031D000AFA69D /* PreviewProvider.swift */,
				B6E151D42960976A00AFA69D /* Double.swift */,
			);
			path = Extensions;
			sourceTree = "<group>";
		};
		B6E151B22958867500AFA69D /* Core */ = {
			isa = PBXGroup;
			children = (
				B6E151B829588A4200AFA69D /* Components */,
				B6E151B32958869C00AFA69D /* Crypto */,
				B6E151C0296028D900AFA69D /* Notes */,
				B6E151BF296028CF00AFA69D /* Photos */,
				B6E151BE296028B100AFA69D /* Bus */,
			);
			path = Core;
			sourceTree = "<group>";
		};
		B6E151B32958869C00AFA69D /* Crypto */ = {
			isa = PBXGroup;
			children = (
				B6E151B5295886CF00AFA69D /* Views */,
				B6E151B4295886C600AFA69D /* ViewModels */,
			);
			path = Crypto;
			sourceTree = "<group>";
		};
		B6E151B4295886C600AFA69D /* ViewModels */ = {
			isa = PBXGroup;
			children = (
				B6E151D629609CB600AFA69D /* CryptoHomeViewModel.swift */,
			);
			path = ViewModels;
			sourceTree = "<group>";
		};
		B6E151B5295886CF00AFA69D /* Views */ = {
			isa = PBXGroup;
			children = (
				B6E151B6295886FD00AFA69D /* CryptoHomeView.swift */,
				B6E151CC2960306300AFA69D /* CoinRowView.swift */,
			);
			path = Views;
			sourceTree = "<group>";
		};
		B6E151B829588A4200AFA69D /* Components */ = {
			isa = PBXGroup;
			children = (
				B6E151B929588A6000AFA69D /* CircleButton */,
			);
			path = Components;
			sourceTree = "<group>";
		};
		B6E151B929588A6000AFA69D /* CircleButton */ = {
			isa = PBXGroup;
			children = (
				B6E151BA29588A7500AFA69D /* CircleButtonView.swift */,
				B6E151BC29588DA600AFA69D /* CircleButtonAnimationView.swift */,
			);
			path = CircleButton;
			sourceTree = "<group>";
		};
		B6E151BE296028B100AFA69D /* Bus */ = {
			isa = PBXGroup;
			children = (
				B6E151C52960294700AFA69D /* Views */,
				B6E151C62960294C00AFA69D /* ViewModels */,
			);
			path = Bus;
			sourceTree = "<group>";
		};
		B6E151BF296028CF00AFA69D /* Photos */ = {
			isa = PBXGroup;
			children = (
				B6E151C42960294000AFA69D /* ViewModels */,
				B6E151C32960293B00AFA69D /* Views */,
			);
			path = Photos;
			sourceTree = "<group>";
		};
		B6E151C0296028D900AFA69D /* Notes */ = {
			isa = PBXGroup;
			children = (
				B6E151C12960292200AFA69D /* Views */,
				B6E151C22960292F00AFA69D /* ViewModels */,
			);
			path = Notes;
			sourceTree = "<group>";
		};
		B6E151C12960292200AFA69D /* Views */ = {
			isa = PBXGroup;
			children = (
			);
			path = Views;
			sourceTree = "<group>";
		};
		B6E151C22960292F00AFA69D /* ViewModels */ = {
			isa = PBXGroup;
			children = (
			);
			path = ViewModels;
			sourceTree = "<group>";
		};
		B6E151C32960293B00AFA69D /* Views */ = {
			isa = PBXGroup;
			children = (
			);
			path = Views;
			sourceTree = "<group>";
		};
		B6E151C42960294000AFA69D /* ViewModels */ = {
			isa = PBXGroup;
			children = (
			);
			path = ViewModels;
			sourceTree = "<group>";
		};
		B6E151C52960294700AFA69D /* Views */ = {
			isa = PBXGroup;
			children = (
				B6E151CE2960307900AFA69D /* BusHomeView.swift */,
				B6E151D02960308C00AFA69D /* BusRowView.swift */,
			);
			path = Views;
			sourceTree = "<group>";
		};
		B6E151C62960294C00AFA69D /* ViewModels */ = {
			isa = PBXGroup;
			children = (
			);
			path = ViewModels;
			sourceTree = "<group>";
		};
		B6E151C72960297800AFA69D /* Models */ = {
			isa = PBXGroup;
			children = (
				B6E151C8296029A500AFA69D /* CoinModel.swift */,
				B6E151CA296029BD00AFA69D /* BusTimingModel.swift */,
			);
			path = Models;
			sourceTree = "<group>";
		};
		B6E151D82960A08E00AFA69D /* Services */ = {
			isa = PBXGroup;
			children = (
				B6E151D92960A0DB00AFA69D /* CoinDataService.swift */,
				B6E151DB2960A10400AFA69D /* BusDataService.swift */,
			);
			path = Services;
			sourceTree = "<group>";
		};
		B6E151DD29614D4600AFA69D /* Utilities */ = {
			isa = PBXGroup;
			children = (
				B6E151DE29614D6D00AFA69D /* NetworkingManager.swift */,
			);
			path = Utilities;
			sourceTree = "<group>";
		};
/* End PBXGroup section */

/* Begin PBXNativeTarget section */
		B6E1519D29587FDF00AFA69D /* ZacharyApp */ = {
			isa = PBXNativeTarget;
			buildConfigurationList = B6E151AC29587FE000AFA69D /* Build configuration list for PBXNativeTarget "ZacharyApp" */;
			buildPhases = (
				B6E1519A29587FDF00AFA69D /* Sources */,
				B6E1519B29587FDF00AFA69D /* Frameworks */,
				B6E1519C29587FDF00AFA69D /* Resources */,
			);
			buildRules = (
			);
			dependencies = (
			);
			name = ZacharyApp;
			productName = ZacharyApp;
			productReference = B6E1519E29587FDF00AFA69D /* ZacharyApp.app */;
			productType = "com.apple.product-type.application";
		};
/* End PBXNativeTarget section */

/* Begin PBXProject section */
		B6E1519629587FDF00AFA69D /* Project object */ = {
			isa = PBXProject;
			attributes = {
				BuildIndependentTargetsInParallel = 1;
				LastSwiftUpdateCheck = 1420;
				LastUpgradeCheck = 1420;
				TargetAttributes = {
					B6E1519D29587FDF00AFA69D = {
						CreatedOnToolsVersion = 14.2;
					};
				};
			};
			buildConfigurationList = B6E1519929587FDF00AFA69D /* Build configuration list for PBXProject "ZacharyApp" */;
			compatibilityVersion = "Xcode 14.0";
			developmentRegion = en;
			hasScannedForEncodings = 0;
			knownRegions = (
				en,
				Base,
			);
			mainGroup = B6E1519529587FDF00AFA69D;
			productRefGroup = B6E1519F29587FDF00AFA69D /* Products */;
			projectDirPath = "";
			projectRoot = "";
			targets = (
				B6E1519D29587FDF00AFA69D /* ZacharyApp */,
			);
		};
/* End PBXProject section */

/* Begin PBXResourcesBuildPhase section */
		B6E1519C29587FDF00AFA69D /* Resources */ = {
			isa = PBXResourcesBuildPhase;
			buildActionMask = 2147483647;
			files = (
				B6E151A929587FE000AFA69D /* Preview Assets.xcassets in Resources */,
				B6E151A629587FE000AFA69D /* Assets.xcassets in Resources */,
			);
			runOnlyForDeploymentPostprocessing = 0;
		};
/* End PBXResourcesBuildPhase section */

/* Begin PBXSourcesBuildPhase section */
		B6E1519A29587FDF00AFA69D /* Sources */ = {
			isa = PBXSourcesBuildPhase;
			buildActionMask = 2147483647;
			files = (
				B6E151CD2960306300AFA69D /* CoinRowView.swift in Sources */,
				B6E151B7295886FD00AFA69D /* CryptoHomeView.swift in Sources */,
				B6E151DA2960A0DB00AFA69D /* CoinDataService.swift in Sources */,
				B6E151A229587FDF00AFA69D /* ZacharyAppApp.swift in Sources */,
				B6E151BD29588DA600AFA69D /* CircleButtonAnimationView.swift in Sources */,
				B6E151DF29614D6D00AFA69D /* NetworkingManager.swift in Sources */,
				B6E151D12960308C00AFA69D /* BusRowView.swift in Sources */,
				B6E151BB29588A7500AFA69D /* CircleButtonView.swift in Sources */,
				B6E151DC2960A10400AFA69D /* BusDataService.swift in Sources */,
				B6E151D729609CB600AFA69D /* CryptoHomeViewModel.swift in Sources */,
				B6E151D3296031D000AFA69D /* PreviewProvider.swift in Sources */,
				B6E151CB296029BD00AFA69D /* BusTimingModel.swift in Sources */,
				B6E151CF2960307900AFA69D /* BusHomeView.swift in Sources */,
				B6E151C9296029A500AFA69D /* CoinModel.swift in Sources */,
				B6E151D52960976A00AFA69D /* Double.swift in Sources */,
				B6E151B12958854300AFA69D /* Color.swift in Sources */,
			);
			runOnlyForDeploymentPostprocessing = 0;
		};
/* End PBXSourcesBuildPhase section */

/* Begin XCBuildConfiguration section */
		B6E151AA29587FE000AFA69D /* Debug */ = {
			isa = XCBuildConfiguration;
			buildSettings = {
				ALWAYS_SEARCH_USER_PATHS = NO;
				CLANG_ANALYZER_NONNULL = YES;
				CLANG_ANALYZER_NUMBER_OBJECT_CONVERSION = YES_AGGRESSIVE;
				CLANG_CXX_LANGUAGE_STANDARD = "gnu++20";
				CLANG_ENABLE_MODULES = YES;
				CLANG_ENABLE_OBJC_ARC = YES;
				CLANG_ENABLE_OBJC_WEAK = YES;
				CLANG_WARN_BLOCK_CAPTURE_AUTORELEASING = YES;
				CLANG_WARN_BOOL_CONVERSION = YES;
				CLANG_WARN_COMMA = YES;
				CLANG_WARN_CONSTANT_CONVERSION = YES;
				CLANG_WARN_DEPRECATED_OBJC_IMPLEMENTATIONS = YES;
				CLANG_WARN_DIRECT_OBJC_ISA_USAGE = YES_ERROR;
				CLANG_WARN_DOCUMENTATION_COMMENTS = YES;
				CLANG_WARN_EMPTY_BODY = YES;
				CLANG_WARN_ENUM_CONVERSION = YES;
				CLANG_WARN_INFINITE_RECURSION = YES;
				CLANG_WARN_INT_CONVERSION = YES;
				CLANG_WARN_NON_LITERAL_NULL_CONVERSION = YES;
				CLANG_WARN_OBJC_IMPLICIT_RETAIN_SELF = YES;
				CLANG_WARN_OBJC_LITERAL_CONVERSION = YES;
				CLANG_WARN_OBJC_ROOT_CLASS = YES_ERROR;
				CLANG_WARN_QUOTED_INCLUDE_IN_FRAMEWORK_HEADER = YES;
				CLANG_WARN_RANGE_LOOP_ANALYSIS = YES;
				CLANG_WARN_STRICT_PROTOTYPES = YES;
				CLANG_WARN_SUSPICIOUS_MOVE = YES;
				CLANG_WARN_UNGUARDED_AVAILABILITY = YES_AGGRESSIVE;
				CLANG_WARN_UNREACHABLE_CODE = YES;
				CLANG_WARN__DUPLICATE_METHOD_MATCH = YES;
				COPY_PHASE_STRIP = NO;
				DEBUG_INFORMATION_FORMAT = dwarf;
				ENABLE_STRICT_OBJC_MSGSEND = YES;
				ENABLE_TESTABILITY = YES;
				GCC_C_LANGUAGE_STANDARD = gnu11;
				GCC_DYNAMIC_NO_PIC = NO;
				GCC_NO_COMMON_BLOCKS = YES;
				GCC_OPTIMIZATION_LEVEL = 0;
				GCC_PREPROCESSOR_DEFINITIONS = (
					"DEBUG=1",
					"$(inherited)",
				);
				GCC_WARN_64_TO_32_BIT_CONVERSION = YES;
				GCC_WARN_ABOUT_RETURN_TYPE = YES_ERROR;
				GCC_WARN_UNDECLARED_SELECTOR = YES;
				GCC_WARN_UNINITIALIZED_AUTOS = YES_AGGRESSIVE;
				GCC_WARN_UNUSED_FUNCTION = YES;
				GCC_WARN_UNUSED_VARIABLE = YES;
				IPHONEOS_DEPLOYMENT_TARGET = 16.2;
				MTL_ENABLE_DEBUG_INFO = INCLUDE_SOURCE;
				MTL_FAST_MATH = YES;
				ONLY_ACTIVE_ARCH = YES;
				SDKROOT = iphoneos;
				SWIFT_ACTIVE_COMPILATION_CONDITIONS = DEBUG;
				SWIFT_OPTIMIZATION_LEVEL = "-Onone";
			};
			name = Debug;
		};
		B6E151AB29587FE000AFA69D /* Release */ = {
			isa = XCBuildConfiguration;
			buildSettings = {
				ALWAYS_SEARCH_USER_PATHS = NO;
				CLANG_ANALYZER_NONNULL = YES;
				CLANG_ANALYZER_NUMBER_OBJECT_CONVERSION = YES_AGGRESSIVE;
				CLANG_CXX_LANGUAGE_STANDARD = "gnu++20";
				CLANG_ENABLE_MODULES = YES;
				CLANG_ENABLE_OBJC_ARC = YES;
				CLANG_ENABLE_OBJC_WEAK = YES;
				CLANG_WARN_BLOCK_CAPTURE_AUTORELEASING = YES;
				CLANG_WARN_BOOL_CONVERSION = YES;
				CLANG_WARN_COMMA = YES;
				CLANG_WARN_CONSTANT_CONVERSION = YES;
				CLANG_WARN_DEPRECATED_OBJC_IMPLEMENTATIONS = YES;
				CLANG_WARN_DIRECT_OBJC_ISA_USAGE = YES_ERROR;
				CLANG_WARN_DOCUMENTATION_COMMENTS = YES;
				CLANG_WARN_EMPTY_BODY = YES;
				CLANG_WARN_ENUM_CONVERSION = YES;
				CLANG_WARN_INFINITE_RECURSION = YES;
				CLANG_WARN_INT_CONVERSION = YES;
				CLANG_WARN_NON_LITERAL_NULL_CONVERSION = YES;
				CLANG_WARN_OBJC_IMPLICIT_RETAIN_SELF = YES;
				CLANG_WARN_OBJC_LITERAL_CONVERSION = YES;
				CLANG_WARN_OBJC_ROOT_CLASS = YES_ERROR;
				CLANG_WARN_QUOTED_INCLUDE_IN_FRAMEWORK_HEADER = YES;
				CLANG_WARN_RANGE_LOOP_ANALYSIS = YES;
				CLANG_WARN_STRICT_PROTOTYPES = YES;
				CLANG_WARN_SUSPICIOUS_MOVE = YES;
				CLANG_WARN_UNGUARDED_AVAILABILITY = YES_AGGRESSIVE;
				CLANG_WARN_UNREACHABLE_CODE = YES;
				CLANG_WARN__DUPLICATE_METHOD_MATCH = YES;
				COPY_PHASE_STRIP = NO;
				DEBUG_INFORMATION_FORMAT = "dwarf-with-dsym";
				ENABLE_NS_ASSERTIONS = NO;
				ENABLE_STRICT_OBJC_MSGSEND = YES;
				GCC_C_LANGUAGE_STANDARD = gnu11;
				GCC_NO_COMMON_BLOCKS = YES;
				GCC_WARN_64_TO_32_BIT_CONVERSION = YES;
				GCC_WARN_ABOUT_RETURN_TYPE = YES_ERROR;
				GCC_WARN_UNDECLARED_SELECTOR = YES;
				GCC_WARN_UNINITIALIZED_AUTOS = YES_AGGRESSIVE;
				GCC_WARN_UNUSED_FUNCTION = YES;
				GCC_WARN_UNUSED_VARIABLE = YES;
				IPHONEOS_DEPLOYMENT_TARGET = 16.2;
				MTL_ENABLE_DEBUG_INFO = NO;
				MTL_FAST_MATH = YES;
				SDKROOT = iphoneos;
				SWIFT_COMPILATION_MODE = wholemodule;
				SWIFT_OPTIMIZATION_LEVEL = "-O";
				VALIDATE_PRODUCT = YES;
			};
			name = Release;
		};
		B6E151AD29587FE000AFA69D /* Debug */ = {
			isa = XCBuildConfiguration;
			buildSettings = {
				ASSETCATALOG_COMPILER_APPICON_NAME = AppIcon;
				ASSETCATALOG_COMPILER_GLOBAL_ACCENT_COLOR_NAME = AccentColor;
				CODE_SIGN_STYLE = Automatic;
				CURRENT_PROJECT_VERSION = 1;
				DEVELOPMENT_ASSET_PATHS = "\"ZacharyApp/Preview Content\"";
				DEVELOPMENT_TEAM = 3D5H55Z4KP;
				ENABLE_PREVIEWS = YES;
				GENERATE_INFOPLIST_FILE = YES;
				INFOPLIST_KEY_CFBundleDisplayName = "Zac's App";
				INFOPLIST_KEY_LSApplicationCategoryType = "public.app-category.lifestyle";
				INFOPLIST_KEY_UIApplicationSceneManifest_Generation = YES;
				INFOPLIST_KEY_UIApplicationSupportsIndirectInputEvents = YES;
				INFOPLIST_KEY_UILaunchScreen_Generation = YES;
				INFOPLIST_KEY_UISupportedInterfaceOrientations = UIInterfaceOrientationPortrait;
				INFOPLIST_KEY_UISupportedInterfaceOrientations_iPad = "UIInterfaceOrientationLandscapeLeft UIInterfaceOrientationLandscapeRight UIInterfaceOrientationPortrait UIInterfaceOrientationPortraitUpsideDown";
				LD_RUNPATH_SEARCH_PATHS = (
					"$(inherited)",
					"@executable_path/Frameworks",
				);
				MARKETING_VERSION = 1.0;
				PRODUCT_BUNDLE_IDENTIFIER = com.zachary.ZacharyApp;
				PRODUCT_NAME = "$(TARGET_NAME)";
				SWIFT_EMIT_LOC_STRINGS = YES;
				SWIFT_VERSION = 5.0;
				TARGETED_DEVICE_FAMILY = "1,2";
			};
			name = Debug;
		};
		B6E151AE29587FE000AFA69D /* Release */ = {
			isa = XCBuildConfiguration;
			buildSettings = {
				ASSETCATALOG_COMPILER_APPICON_NAME = AppIcon;
				ASSETCATALOG_COMPILER_GLOBAL_ACCENT_COLOR_NAME = AccentColor;
				CODE_SIGN_STYLE = Automatic;
				CURRENT_PROJECT_VERSION = 1;
				DEVELOPMENT_ASSET_PATHS = "\"ZacharyApp/Preview Content\"";
				DEVELOPMENT_TEAM = 3D5H55Z4KP;
				ENABLE_PREVIEWS = YES;
				GENERATE_INFOPLIST_FILE = YES;
				INFOPLIST_KEY_CFBundleDisplayName = "Zac's App";
				INFOPLIST_KEY_LSApplicationCategoryType = "public.app-category.lifestyle";
				INFOPLIST_KEY_UIApplicationSceneManifest_Generation = YES;
				INFOPLIST_KEY_UIApplicationSupportsIndirectInputEvents = YES;
				INFOPLIST_KEY_UILaunchScreen_Generation = YES;
				INFOPLIST_KEY_UISupportedInterfaceOrientations = UIInterfaceOrientationPortrait;
				INFOPLIST_KEY_UISupportedInterfaceOrientations_iPad = "UIInterfaceOrientationLandscapeLeft UIInterfaceOrientationLandscapeRight UIInterfaceOrientationPortrait UIInterfaceOrientationPortraitUpsideDown";
				LD_RUNPATH_SEARCH_PATHS = (
					"$(inherited)",
					"@executable_path/Frameworks",
				);
				MARKETING_VERSION = 1.0;
				PRODUCT_BUNDLE_IDENTIFIER = com.zachary.ZacharyApp;
				PRODUCT_NAME = "$(TARGET_NAME)";
				SWIFT_EMIT_LOC_STRINGS = YES;
				SWIFT_VERSION = 5.0;
				TARGETED_DEVICE_FAMILY = "1,2";
			};
			name = Release;
		};
/* End XCBuildConfiguration section */

/* Begin XCConfigurationList section */
		B6E1519929587FDF00AFA69D /* Build configuration list for PBXProject "ZacharyApp" */ = {
			isa = XCConfigurationList;
			buildConfigurations = (
				B6E151AA29587FE000AFA69D /* Debug */,
				B6E151AB29587FE000AFA69D /* Release */,
			);
			defaultConfigurationIsVisible = 0;
			defaultConfigurationName = Release;
		};
		B6E151AC29587FE000AFA69D /* Build configuration list for PBXNativeTarget "ZacharyApp" */ = {
			isa = XCConfigurationList;
			buildConfigurations = (
				B6E151AD29587FE000AFA69D /* Debug */,
				B6E151AE29587FE000AFA69D /* Release */,
			);
			defaultConfigurationIsVisible = 0;
			defaultConfigurationName = Release;
		};
/* End XCConfigurationList section */
	};
	rootObject = B6E1519629587FDF00AFA69D /* Project object */;
}
